
Microsoft Visual Studio Solution File, Format Version 12.00
# Visual Studio Version 16
VisualStudioVersion = 16.0.30114.105
MinimumVisualStudioVersion = 10.0.40219.1
Project("{FAE04EC0-301F-11D3-BF4B-00C04F79EFBC}") = "DanWebBrowser", "DanWebBrowser\DanWebBrowser.csproj", "{2A7B8088-FAE7-43C6-9409-EA6099F47410}"
EndProject
Global
	GlobalSection(SolutionConfigurationPlatforms) = preSolution
		Debug|Any CPU = Debug|Any CPU
		Release|Any CPU = Release|Any CPU
	EndGlobalSection
	GlobalSection(ProjectConfigurationPlatforms) = postSolution
		{2A7B8088-FAE7-43C6-9409-EA6099F47410}.Debug|Any CPU.ActiveCfg = Debug|Any CPU
		{2A7B8088-FAE7-43C6-9409-EA6099F47410}.Debug|Any CPU.Build.0 = Debug|Any CPU
		{2A7B8088-FAE7-43C6-9409-EA6099F47410}.Release|Any CPU.ActiveCfg = Release|Any CPU
		{2A7B8088-FAE7-43C6-9409-EA6099F47410}.Release|Any CPU.Build.0 = Release|Any CPU
	EndGlobalSection
	GlobalSection(SolutionProperties) = preSolution
		HideSolutionNode = FALSE
	EndGlobalSection
	GlobalSection(ExtensibilityGlobals) = postSolution
		SolutionGuid = {62DD1AC9-1158-4B6D-9E04-06B2B406D3AE}
	EndGlobalSection
EndGlobal
